%{"plain_fsm": {:git, "https://github.com/uwiger/plain_fsm.git", "ae9eca8a8df8f61a32185b06882a55d60e62e904", []},
  "plain_fsm_ex": {:git, "https://github.com/ashneyderman/plain_fsm_ex.git", "2bf61bb656f5b328ffd78ea45393ad1395ac75f1", [branch: "master"]},
  "shorter_maps": {:hex, :shorter_maps, "2.1.0", "e4654a4d1015e02af9b3edba8d7de03c06ce8bab394248c0a7f71f4ee64a97ad", [:mix], [], "hexpm"}}
