%{
  "bento": {:git, "https://github.com/folz/bento.git", "85ee2a6c1cbe0fbc0a614cdf7ec57c9375fdbfa9", []},
  "bunt": {:hex, :bunt, "0.2.0", "951c6e801e8b1d2cbe58ebbd3e616a869061ddadcc4863d0a2182541acae9a38", [:mix], [], "hexpm"},
  "credo": {:hex, :credo, "0.9.3", "76fa3e9e497ab282e0cf64b98a624aa11da702854c52c82db1bf24e54ab7c97a", [:mix], [{:bunt, "~> 0.2.0", [hex: :bunt, repo: "hexpm", optional: false]}, {:poison, ">= 0.0.0", [hex: :poison, repo: "hexpm", optional: false]}], "hexpm"},
  "decompilerl": {:git, "https://github.com/niahoo/decompilerl.git", "71a6a41231bd1b1c637d20154144d08a0ecb1dbb", []},
  "earmark": {:hex, :earmark, "1.2.5", "4d21980d5d2862a2e13ec3c49ad9ad783ffc7ca5769cf6ff891a4553fbaae761", [:mix], [], "hexpm"},
  "ex_doc": {:hex, :ex_doc, "0.19.0", "e22b6434373b4870ea77b24df069dbac7002c1f483615e9ebfc0c37497e1c75c", [:mix], [{:earmark, "~> 1.1", [hex: :earmark, repo: "hexpm", optional: false]}, {:makeup_elixir, "~> 0.7", [hex: :makeup_elixir, repo: "hexpm", optional: false]}], "hexpm"},
  "gen_loop": {:hex, :gen_loop, "0.1.0", "aa3243587462e2f27fd716a61de7a0fd246016400ee8c78c2b03cac13161d01a", [:mix], [], "hexpm"},
  "makeup": {:hex, :makeup, "0.5.1", "966c5c2296da272d42f1de178c1d135e432662eca795d6dc12e5e8787514edf7", [:mix], [{:nimble_parsec, "~> 0.2.2", [hex: :nimble_parsec, repo: "hexpm", optional: false]}], "hexpm"},
  "makeup_elixir": {:hex, :makeup_elixir, "0.8.0", "1204a2f5b4f181775a0e456154830524cf2207cf4f9112215c05e0b76e4eca8b", [:mix], [{:makeup, "~> 0.5.0", [hex: :makeup, repo: "hexpm", optional: false]}, {:nimble_parsec, "~> 0.2.2", [hex: :nimble_parsec, repo: "hexpm", optional: false]}], "hexpm"},
  "nimble_parsec": {:hex, :nimble_parsec, "0.2.2", "d526b23bdceb04c7ad15b33c57c4526bf5f50aaa70c7c141b4b4624555c68259", [:mix], [], "hexpm"},
  "plain_fsm": {:git, "https://github.com/uwiger/plain_fsm.git", "1de45fba4caccbc76df0b109e7581d0fc6a2e67b", []},
  "poison": {:hex, :poison, "3.1.0", "d9eb636610e096f86f25d9a46f35a9facac35609a7591b3be3326e99a0484665", [:mix], [], "hexpm"},
  "relax_yaml": {:hex, :relax_yaml, "0.1.4", "99e55ae80b3bd1135f4288e1ba77b816ad7de05bcb4618a1a9f983ce7c89ff32", [:mix], [{:yamerl, "~> 0.4.0", [hex: :yamerl, repo: "hexpm", optional: false]}], "hexpm"},
  "todo": {:hex, :todo, "1.3.0", "a192518886671c2fe2ee47df342535799b655f0b53641ba9d9e9dc9f49b49049", [:mix], [], "hexpm"},
  "yamerl": {:hex, :yamerl, "0.4.0", "ae215b1242810a9bc07716b88062f1bfe06f6bc7cf68372091f630baa536df79", [:rebar3], [], "hexpm"},
}
